
Microsoft Visual Studio Solution File, Format Version 12.00
# Visual Studio Version 17
VisualStudioVersion = 17.0.31919.166
MinimumVisualStudioVersion = 10.0.40219.1
Project("{9A19103F-16F7-4668-BE54-9A1E7A4F7556}") = "E003", "E003\E003.csproj", "{1AC3B6A0-6CD3-48CE-B0FE-C6AA5EC27CCE}"
EndProject
Project("{9A19103F-16F7-4668-BE54-9A1E7A4F7556}") = "E004", "E004\E004.csproj", "{2EE7E766-B1C5-4200-8CA6-1D605B117296}"
EndProject
Project("{9A19103F-16F7-4668-BE54-9A1E7A4F7556}") = "E005", "E005\E005.csproj", "{7BC923B6-AC7D-47FC-8230-5D495D5FF658}"
EndProject
Project("{9A19103F-16F7-4668-BE54-9A1E7A4F7556}") = "E006", "E006\E006.csproj", "{DAE0F8A0-3342-4FCB-B764-EC38BFD61216}"
EndProject
Project("{FAE04EC0-301F-11D3-BF4B-00C04F79EFBC}") = "E001", "E001\E001.csproj", "{7CE5384E-B182-497B-938D-04623B0C5F35}"
EndProject
Project("{FAE04EC0-301F-11D3-BF4B-00C04F79EFBC}") = "E002", "E002\E002.csproj", "{53A1892F-25A8-4A22-9778-D570FFC4869B}"
EndProject
Global
	GlobalSection(SolutionConfigurationPlatforms) = preSolution
		Debug|Any CPU = Debug|Any CPU
		Release|Any CPU = Release|Any CPU
	EndGlobalSection
	GlobalSection(ProjectConfigurationPlatforms) = postSolution
		{1AC3B6A0-6CD3-48CE-B0FE-C6AA5EC27CCE}.Debug|Any CPU.ActiveCfg = Debug|Any CPU
		{1AC3B6A0-6CD3-48CE-B0FE-C6AA5EC27CCE}.Debug|Any CPU.Build.0 = Debug|Any CPU
		{1AC3B6A0-6CD3-48CE-B0FE-C6AA5EC27CCE}.Release|Any CPU.ActiveCfg = Release|Any CPU
		{1AC3B6A0-6CD3-48CE-B0FE-C6AA5EC27CCE}.Release|Any CPU.Build.0 = Release|Any CPU
		{2EE7E766-B1C5-4200-8CA6-1D605B117296}.Debug|Any CPU.ActiveCfg = Debug|Any CPU
		{2EE7E766-B1C5-4200-8CA6-1D605B117296}.Debug|Any CPU.Build.0 = Debug|Any CPU
		{2EE7E766-B1C5-4200-8CA6-1D605B117296}.Release|Any CPU.ActiveCfg = Release|Any CPU
		{2EE7E766-B1C5-4200-8CA6-1D605B117296}.Release|Any CPU.Build.0 = Release|Any CPU
		{7BC923B6-AC7D-47FC-8230-5D495D5FF658}.Debug|Any CPU.ActiveCfg = Debug|Any CPU
		{7BC923B6-AC7D-47FC-8230-5D495D5FF658}.Debug|Any CPU.Build.0 = Debug|Any CPU
		{7BC923B6-AC7D-47FC-8230-5D495D5FF658}.Release|Any CPU.ActiveCfg = Release|Any CPU
		{7BC923B6-AC7D-47FC-8230-5D495D5FF658}.Release|Any CPU.Build.0 = Release|Any CPU
		{DAE0F8A0-3342-4FCB-B764-EC38BFD61216}.Debug|Any CPU.ActiveCfg = Debug|Any CPU
		{DAE0F8A0-3342-4FCB-B764-EC38BFD61216}.Debug|Any CPU.Build.0 = Debug|Any CPU
		{DAE0F8A0-3342-4FCB-B764-EC38BFD61216}.Release|Any CPU.ActiveCfg = Release|Any CPU
		{DAE0F8A0-3342-4FCB-B764-EC38BFD61216}.Release|Any CPU.Build.0 = Release|Any CPU
		{7CE5384E-B182-497B-938D-04623B0C5F35}.Debug|Any CPU.ActiveCfg = Debug|Any CPU
		{7CE5384E-B182-497B-938D-04623B0C5F35}.Debug|Any CPU.Build.0 = Debug|Any CPU
		{7CE5384E-B182-497B-938D-04623B0C5F35}.Release|Any CPU.ActiveCfg = Release|Any CPU
		{7CE5384E-B182-497B-938D-04623B0C5F35}.Release|Any CPU.Build.0 = Release|Any CPU
		{53A1892F-25A8-4A22-9778-D570FFC4869B}.Debug|Any CPU.ActiveCfg = Debug|Any CPU
		{53A1892F-25A8-4A22-9778-D570FFC4869B}.Debug|Any CPU.Build.0 = Debug|Any CPU
		{53A1892F-25A8-4A22-9778-D570FFC4869B}.Release|Any CPU.ActiveCfg = Release|Any CPU
		{53A1892F-25A8-4A22-9778-D570FFC4869B}.Release|Any CPU.Build.0 = Release|Any CPU
	EndGlobalSection
	GlobalSection(SolutionProperties) = preSolution
		HideSolutionNode = FALSE
	EndGlobalSection
	GlobalSection(ExtensibilityGlobals) = postSolution
		SolutionGuid = {4F17200D-3159-4ADD-BB7A-7502E7F2AFCB}
	EndGlobalSection
EndGlobal
